// !$*UTF8*$!
{
	archiveVersion = 1;
	classes = {
	};
	objectVersion = 56;
	objects = {

/* Begin PBXBuildFile section */
		188E55762F85692400F5F5D2 /* finalApp.swift in Sources */ = {isa = PBXBuildFile; fileRef = 188E55752F85692400F5F5D2 /* finalApp.swift */; };
		188E55782F85692400F5F5D2 /* ContentView.swift in Sources */ = {isa = PBXBuildFile; fileRef = 188E55772F85692400F5F5D2 /* ContentView.swift */; };
		188E557A2F85692600F5F5D2 /* Assets.xcassets in Resources */ = {isa = PBXBuildFile; fileRef = 188E55792F85692600F5F5D2 /* Assets.xcassets */; };
		188E557D2F85692600F5F5D2 /* Preview Assets.xcassets in Resources */ = {isa = PBXBuildFile; fileRef = 188E557C2F85692600F5F5D2 /* Preview Assets.xcassets */; };
		188E557F2F85692600F5F5D2 /* Persistence.swift in Sources */ = {isa = PBXBuildFile; fileRef = 188E557E2F85692600F5F5D2 /* Persistence.swift */; };
		188E55822F85692600F5F5D2 /* final.xcdatamodeld in Sources */ = {isa = PBXBuildFile; fileRef = 188E55802F85692600F5F5D2 /* final.xcdatamodeld */; };
		188E558C2F85692600F5F5D2 /* finalTests.swift in Sources */ = {isa = PBXBuildFile; fileRef = 188E558B2F85692600F5F5D2 /* finalTests.swift */; };
		188E55962F85692600F5F5D2 /* finalUITests.swift in Sources */ = {isa = PBXBuildFile; fileRef = 188E55952F85692600F5F5D2 /* finalUITests.swift */; };
		188E55982F85692600F5F5D2 /* finalUITestsLaunchTests.swift in Sources */ = {isa = PBXBuildFile; fileRef = 188E55972F85692600F5F5D2 /* finalUITestsLaunchTests.swift */; };
		188E55A52F85774F00F5F5D2 /* GameScreen.swift in Sources */ = {isa = PBXBuildFile; fileRef = 188E55A42F85774F00F5F5D2 /* GameScreen.swift */; };
		188E55A72F85775C00F5F5D2 /* Records.swift in Sources */ = {isa = PBXBuildFile; fileRef = 188E55A62F85775C00F5F5D2 /* Records.swift */; };
/* End PBXBuildFile section */

/* Begin PBXContainerItemProxy section */
		188E55882F85692600F5F5D2 /* PBXContainerItemProxy */ = {
			isa = PBXContainerItemProxy;
			containerPortal = 188E556A2F85692400F5F5D2 /* Project object */;
			proxyType = 1;
			remoteGlobalIDString = 188E55712F85692400F5F5D2;
			remoteInfo = final;
		};
		188E55922F85692600F5F5D2 /* PBXContainerItemProxy */ = {
			isa = PBXContainerItemProxy;
			containerPortal = 188E556A2F85692400F5F5D2 /* Project object */;
			proxyType = 1;
			remoteGlobalIDString = 188E55712F85692400F5F5D2;
			remoteInfo = final;
		};
/* End PBXContainerItemProxy section */

/* Begin PBXFileReference section */
		188E55722F85692400F5F5D2 /* final.app */ = {isa = PBXFileReference; explicitFileType = wrapper.application; includeInIndex = 0; path = final.app; sourceTree = BUILT_PRODUCTS_DIR; };
		188E55752F85692400F5F5D2 /* finalApp.swift */ = {isa = PBXFileReference; lastKnownFileType = sourcecode.swift; path = finalApp.swift; sourceTree = "<group>"; };
		188E55772F85692400F5F5D2 /* ContentView.swift */ = {isa = PBXFileReference; lastKnownFileType = sourcecode.swift; path = ContentView.swift; sourceTree = "<group>"; };
		188E55792F85692600F5F5D2 /* Assets.xcassets */ = {isa = PBXFileReference; lastKnownFileType = folder.assetcatalog; path = Assets.xcassets; sourceTree = "<group>"; };
		188E557C2F85692600F5F5D2 /* Preview Assets.xcassets */ = {isa = PBXFileReference; lastKnownFileType = folder.assetcatalog; path = "Preview Assets.xcassets"; sourceTree = "<group>"; };
		188E557E2F85692600F5F5D2 /* Persistence.swift */ = {isa = PBXFileReference; lastKnownFileType = sourcecode.swift; path = Persistence.swift; sourceTree = "<group>"; };
		188E55812F85692600F5F5D2 /* final.xcdatamodel */ = {isa = PBXFileReference; lastKnownFileType = wrapper.xcdatamodel; path = final.xcdatamodel; sourceTree = "<group>"; };
		188E55872F85692600F5F5D2 /* finalTests.xctest */ = {isa = PBXFileReference; explicitFileType = wrapper.cfbundle; includeInIndex = 0; path = finalTests.xctest; sourceTree = BUILT_PRODUCTS_DIR; };
		188E558B2F85692600F5F5D2 /* finalTests.swift */ = {isa = PBXFileReference; lastKnownFileType = sourcecode.swift; path = finalTests.swift; sourceTree = "<group>"; };
		188E55912F85692600F5F5D2 /* finalUITests.xctest */ = {isa = PBXFileReference; explicitFileType = wrapper.cfbundle; includeInIndex = 0; path = finalUITests.xctest; sourceTree = BUILT_PRODUCTS_DIR; };
		188E55952F85692600F5F5D2 /* finalUITests.swift */ = {isa = PBXFileReference; lastKnownFileType = sourcecode.swift; path = finalUITests.swift; sourceTree = "<group>"; };
		188E55972F85692600F5F5D2 /* finalUITestsLaunchTests.swift */ = {isa = PBXFileReference; lastKnownFileType = sourcecode.swift; path = finalUITestsLaunchTests.swift; sourceTree = "<group>"; };
		188E55A42F85774F00F5F5D2 /* GameScreen.swift */ = {isa = PBXFileReference; lastKnownFileType = sourcecode.swift; path = GameScreen.swift; sourceTree = "<group>"; };
		188E55A62F85775C00F5F5D2 /* Records.swift */ = {isa = PBXFileReference; lastKnownFileType = sourcecode.swift; path = Records.swift; sourceTree = "<group>"; };
/* End PBXFileReference section */

/* Begin PBXFrameworksBuildPhase section */
		188E556F2F85692400F5F5D2 /* Frameworks */ = {
			isa = PBXFrameworksBuildPhase;
			buildActionMask = 2147483647;
			files = (
			);
			runOnlyForDeploymentPostprocessing = 0;
		};
		188E55842F85692600F5F5D2 /* Frameworks */ = {
			isa = PBXFrameworksBuildPhase;
			buildActionMask = 2147483647;
			files = (
			);
			runOnlyForDeploymentPostprocessing = 0;
		};
		188E558E2F85692600F5F5D2 /* Frameworks */ = {
			isa = PBXFrameworksBuildPhase;
			buildActionMask = 2147483647;
			files = (
			);
			runOnlyForDeploymentPostprocessing = 0;
		};
/* End PBXFrameworksBuildPhase section */

/* Begin PBXGroup section */
		188E55692F85692400F5F5D2 = {
			isa = PBXGroup;
			children = (
				188E55742F85692400F5F5D2 /* final */,
				188E558A2F85692600F5F5D2 /* finalTests */,
				188E55942F85692600F5F5D2 /* finalUITests */,
				188E55732F85692400F5F5D2 /* Products */,
			);
			sourceTree = "<group>";
		};
		188E55732F85692400F5F5D2 /* Products */ = {
			isa = PBXGroup;
			children = (
				188E55722F85692400F5F5D2 /* final.app */,
				188E55872F85692600F5F5D2 /* finalTests.xctest */,
				188E55912F85692600F5F5D2 /* finalUITests.xctest */,
			);
			name = Products;
			sourceTree = "<group>";
		};
		188E55742F85692400F5F5D2 /* final */ = {
			isa = PBXGroup;
			children = (
				188E55752F85692400F5F5D2 /* finalApp.swift */,
				188E55772F85692400F5F5D2 /* ContentView.swift */,
				188E55A42F85774F00F5F5D2 /* GameScreen.swift */,
				188E55A62F85775C00F5F5D2 /* Records.swift */,
				188E55792F85692600F5F5D2 /* Assets.xcassets */,
				188E557E2F85692600F5F5D2 /* Persistence.swift */,
				188E55802F85692600F5F5D2 /* final.xcdatamodeld */,
				188E557B2F85692600F5F5D2 /* Preview Content */,
			);
			path = final;
			sourceTree = "<group>";
		};
		188E557B2F85692600F5F5D2 /* Preview Content */ = {
			isa = PBXGroup;
			children = (
				188E557C2F85692600F5F5D2 /* Preview Assets.xcassets */,
			);
			path = "Preview Content";
			sourceTree = "<group>";
		};
		188E558A2F85692600F5F5D2 /* finalTests */ = {
			isa = PBXGroup;
			children = (
				188E558B2F85692600F5F5D2 /* finalTests.swift */,
			);
			path = finalTests;
			sourceTree = "<group>";
		};
		188E55942F85692600F5F5D2 /* finalUITests */ = {
			isa = PBXGroup;
			children = (
				188E55952F85692600F5F5D2 /* finalUITests.swift */,
				188E55972F85692600F5F5D2 /* finalUITestsLaunchTests.swift */,
			);
			path = finalUITests;
			sourceTree = "<group>";
		};
/* End PBXGroup section */

/* Begin PBXNativeTarget section */
		188E55712F85692400F5F5D2 /* final */ = {
			isa = PBXNativeTarget;
			buildConfigurationList = 188E559B2F85692600F5F5D2 /* Build configuration list for PBXNativeTarget "final" */;
			buildPhases = (
				188E556E2F85692400F5F5D2 /* Sources */,
				188E556F2F85692400F5F5D2 /* Frameworks */,
				188E55702F85692400F5F5D2 /* Resources */,
			);
			buildRules = (
			);
			dependencies = (
			);
			name = final;
			productName = final;
			productReference = 188E55722F85692400F5F5D2 /* final.app */;
			productType = "com.apple.product-type.application";
		};
		188E55862F85692600F5F5D2 /* finalTests */ = {
			isa = PBXNativeTarget;
			buildConfigurationList = 188E559E2F85692600F5F5D2 /* Build configuration list for PBXNativeTarget "finalTests" */;
			buildPhases = (
				188E55832F85692600F5F5D2 /* Sources */,
				188E55842F85692600F5F5D2 /* Frameworks */,
				188E55852F85692600F5F5D2 /* Resources */,
			);
			buildRules = (
			);
			dependencies = (
				188E55892F85692600F5F5D2 /* PBXTargetDependency */,
			);
			name = finalTests;
			productName = finalTests;
			productReference = 188E55872F85692600F5F5D2 /* finalTests.xctest */;
			productType = "com.apple.product-type.bundle.unit-test";
		};
		188E55902F85692600F5F5D2 /* finalUITests */ = {
			isa = PBXNativeTarget;
			buildConfigurationList = 188E55A12F85692600F5F5D2 /* Build configuration list for PBXNativeTarget "finalUITests" */;
			buildPhases = (
				188E558D2F85692600F5F5D2 /* Sources */,
				188E558E2F85692600F5F5D2 /* Frameworks */,
				188E558F2F85692600F5F5D2 /* Resources */,
			);
			buildRules = (
			);
			dependencies = (
				188E55932F85692600F5F5D2 /* PBXTargetDependency */,
			);
			name = finalUITests;
			productName = finalUITests;
			productReference = 188E55912F85692600F5F5D2 /* finalUITests.xctest */;
			productType = "com.apple.product-type.bundle.ui-testing";
		};
/* End PBXNativeTarget section */

/* Begin PBXProject section */
		188E556A2F85692400F5F5D2 /* Project object */ = {
			isa = PBXProject;
			attributes = {
				BuildIndependentTargetsInParallel = 1;
				LastSwiftUpdateCheck = 1420;
				LastUpgradeCheck = 1420;
				TargetAttributes = {
					188E55712F85692400F5F5D2 = {
						CreatedOnToolsVersion = 14.2;
					};
					188E55862F85692600F5F5D2 = {
						CreatedOnToolsVersion = 14.2;
						TestTargetID = 188E55712F85692400F5F5D2;
					};
					188E55902F85692600F5F5D2 = {
						CreatedOnToolsVersion = 14.2;
						TestTargetID = 188E55712F85692400F5F5D2;
					};
				};
			};
			buildConfigurationList = 188E556D2F85692400F5F5D2 /* Build configuration list for PBXProject "final" */;
			compatibilityVersion = "Xcode 14.0";
			developmentRegion = en;
			hasScannedForEncodings = 0;
			knownRegions = (
				en,
				Base,
			);
			mainGroup = 188E55692F85692400F5F5D2;
			productRefGroup = 188E55732F85692400F5F5D2 /* Products */;
			projectDirPath = "";
			projectRoot = "";
			targets = (
				188E55712F85692400F5F5D2 /* final */,
				188E55862F85692600F5F5D2 /* finalTests */,
				188E55902F85692600F5F5D2 /* finalUITests */,
			);
		};
/* End PBXProject section */

/* Begin PBXResourcesBuildPhase section */
		188E55702F85692400F5F5D2 /* Resources */ = {
			isa = PBXResourcesBuildPhase;
			buildActionMask = 2147483647;
			files = (
				188E557D2F85692600F5F5D2 /* Preview Assets.xcassets in Resources */,
				188E557A2F85692600F5F5D2 /* Assets.xcassets in Resources */,
			);
			runOnlyForDeploymentPostprocessing = 0;
		};
		188E55852F85692600F5F5D2 /* Resources */ = {
			isa = PBXResourcesBuildPhase;
			buildActionMask = 2147483647;
			files = (
			);
			runOnlyForDeploymentPostprocessing = 0;
		};
		188E558F2F85692600F5F5D2 /* Resources */ = {
			isa = PBXResourcesBuildPhase;
			buildActionMask = 2147483647;
			files = (
			);
			runOnlyForDeploymentPostprocessing = 0;
		};
/* End PBXResourcesBuildPhase section */

/* Begin PBXSourcesBuildPhase section */
		188E556E2F85692400F5F5D2 /* Sources */ = {
			isa = PBXSourcesBuildPhase;
			buildActionMask = 2147483647;
			files = (
				188E55A72F85775C00F5F5D2 /* Records.swift in Sources */,
				188E55822F85692600F5F5D2 /* final.xcdatamodeld in Sources */,
				188E55A52F85774F00F5F5D2 /* GameScreen.swift in Sources */,
				188E557F2F85692600F5F5D2 /* Persistence.swift in Sources */,
				188E55782F85692400F5F5D2 /* ContentView.swift in Sources */,
				188E55762F85692400F5F5D2 /* finalApp.swift in Sources */,
			);
			runOnlyForDeploymentPostprocessing = 0;
		};
		188E55832F85692600F5F5D2 /* Sources */ = {
			isa = PBXSourcesBuildPhase;
			buildActionMask = 2147483647;
			files = (
				188E558C2F85692600F5F5D2 /* finalTests.swift in Sources */,
			);
			runOnlyForDeploymentPostprocessing = 0;
		};
		188E558D2F85692600F5F5D2 /* Sources */ = {
			isa = PBXSourcesBuildPhase;
			buildActionMask = 2147483647;
			files = (
				188E55962F85692600F5F5D2 /* finalUITests.swift in Sources */,
				188E55982F85692600F5F5D2 /* finalUITestsLaunchTests.swift in Sources */,
			);
			runOnlyForDeploymentPostprocessing = 0;
		};
/* End PBXSourcesBuildPhase section */

/* Begin PBXTargetDependency section */
		188E55892F85692600F5F5D2 /* PBXTargetDependency */ = {
			isa = PBXTargetDependency;
			target = 188E55712F85692400F5F5D2 /* final */;
			targetProxy = 188E55882F85692600F5F5D2 /* PBXContainerItemProxy */;
		};
		188E55932F85692600F5F5D2 /* PBXTargetDependency */ = {
			isa = PBXTargetDependency;
			target = 188E55712F85692400F5F5D2 /* final */;
			targetProxy = 188E55922F85692600F5F5D2 /* PBXContainerItemProxy */;
		};
/* End PBXTargetDependency section */

/* Begin XCBuildConfiguration section */
		188E55992F85692600F5F5D2 /* Debug */ = {
			isa = XCBuildConfiguration;
			buildSettings = {
				ALWAYS_SEARCH_USER_PATHS = NO;
				CLANG_ANALYZER_NONNULL = YES;
				CLANG_ANALYZER_NUMBER_OBJECT_CONVERSION = YES_AGGRESSIVE;
				CLANG_CXX_LANGUAGE_STANDARD = "gnu++20";
				CLANG_ENABLE_MODULES = YES;
				CLANG_ENABLE_OBJC_ARC = YES;
				CLANG_ENABLE_OBJC_WEAK = YES;
				CLANG_WARN_BLOCK_CAPTURE_AUTORELEASING = YES;
				CLANG_WARN_BOOL_CONVERSION = YES;
				CLANG_WARN_COMMA = YES;
				CLANG_WARN_CONSTANT_CONVERSION = YES;
				CLANG_WARN_DEPRECATED_OBJC_IMPLEMENTATIONS = YES;
				CLANG_WARN_DIRECT_OBJC_ISA_USAGE = YES_ERROR;
				CLANG_WARN_DOCUMENTATION_COMMENTS = YES;
				CLANG_WARN_EMPTY_BODY = YES;
				CLANG_WARN_ENUM_CONVERSION = YES;
				CLANG_WARN_INFINITE_RECURSION = YES;
				CLANG_WARN_INT_CONVERSION = YES;
				CLANG_WARN_NON_LITERAL_NULL_CONVERSION = YES;
				CLANG_WARN_OBJC_IMPLICIT_RETAIN_SELF = YES;
				CLANG_WARN_OBJC_LITERAL_CONVERSION = YES;
				CLANG_WARN_OBJC_ROOT_CLASS = YES_ERROR;
				CLANG_WARN_QUOTED_INCLUDE_IN_FRAMEWORK_HEADER = YES;
				CLANG_WARN_RANGE_LOOP_ANALYSIS = YES;
				CLANG_WARN_STRICT_PROTOTYPES = YES;
				CLANG_WARN_SUSPICIOUS_MOVE = YES;
				CLANG_WARN_UNGUARDED_AVAILABILITY = YES_AGGRESSIVE;
				CLANG_WARN_UNREACHABLE_CODE = YES;
				CLANG_WARN__DUPLICATE_METHOD_MATCH = YES;
				COPY_PHASE_STRIP = NO;
				DEBUG_INFORMATION_FORMAT = dwarf;
				ENABLE_STRICT_OBJC_MSGSEND = YES;
				ENABLE_TESTABILITY = YES;
				GCC_C_LANGUAGE_STANDARD = gnu11;
				GCC_DYNAMIC_NO_PIC = NO;
				GCC_NO_COMMON_BLOCKS = YES;
				GCC_OPTIMIZATION_LEVEL = 0;
				GCC_PREPROCESSOR_DEFINITIONS = (
					"DEBUG=1",
					"$(inherited)",
				);
				GCC_WARN_64_TO_32_BIT_CONVERSION = YES;
				GCC_WARN_ABOUT_RETURN_TYPE = YES_ERROR;
				GCC_WARN_UNDECLARED_SELECTOR = YES;
				GCC_WARN_UNINITIALIZED_AUTOS = YES_AGGRESSIVE;
				GCC_WARN_UNUSED_FUNCTION = YES;
				GCC_WARN_UNUSED_VARIABLE = YES;
				IPHONEOS_DEPLOYMENT_TARGET = 16.2;
				MTL_ENABLE_DEBUG_INFO = INCLUDE_SOURCE;
				MTL_FAST_MATH = YES;
				ONLY_ACTIVE_ARCH = YES;
				SDKROOT = iphoneos;
				SWIFT_ACTIVE_COMPILATION_CONDITIONS = DEBUG;
				SWIFT_OPTIMIZATION_LEVEL = "-Onone";
			};
			name = Debug;
		};
		188E559A2F85692600F5F5D2 /* Release */ = {
			isa = XCBuildConfiguration;
			buildSettings = {
				ALWAYS_SEARCH_USER_PATHS = NO;
				CLANG_ANALYZER_NONNULL = YES;
				CLANG_ANALYZER_NUMBER_OBJECT_CONVERSION = YES_AGGRESSIVE;
				CLANG_CXX_LANGUAGE_STANDARD = "gnu++20";
				CLANG_ENABLE_MODULES = YES;
				CLANG_ENABLE_OBJC_ARC = YES;
				CLANG_ENABLE_OBJC_WEAK = YES;
				CLANG_WARN_BLOCK_CAPTURE_AUTORELEASING = YES;
				CLANG_WARN_BOOL_CONVERSION = YES;
				CLANG_WARN_COMMA = YES;
				CLANG_WARN_CONSTANT_CONVERSION = YES;
				CLANG_WARN_DEPRECATED_OBJC_IMPLEMENTATIONS = YES;
				CLANG_WARN_DIRECT_OBJC_ISA_USAGE = YES_ERROR;
				CLANG_WARN_DOCUMENTATION_COMMENTS = YES;
				CLANG_WARN_EMPTY_BODY = YES;
				CLANG_WARN_ENUM_CONVERSION = YES;
				CLANG_WARN_INFINITE_RECURSION = YES;
				CLANG_WARN_INT_CONVERSION = YES;
				CLANG_WARN_NON_LITERAL_NULL_CONVERSION = YES;
				CLANG_WARN_OBJC_IMPLICIT_RETAIN_SELF = YES;
				CLANG_WARN_OBJC_LITERAL_CONVERSION = YES;
				CLANG_WARN_OBJC_ROOT_CLASS = YES_ERROR;
				CLANG_WARN_QUOTED_INCLUDE_IN_FRAMEWORK_HEADER = YES;
				CLANG_WARN_RANGE_LOOP_ANALYSIS = YES;
				CLANG_WARN_STRICT_PROTOTYPES = YES;
				CLANG_WARN_SUSPICIOUS_MOVE = YES;
				CLANG_WARN_UNGUARDED_AVAILABILITY = YES_AGGRESSIVE;
				CLANG_WARN_UNREACHABLE_CODE = YES;
				CLANG_WARN__DUPLICATE_METHOD_MATCH = YES;
				COPY_PHASE_STRIP = NO;
				DEBUG_INFORMATION_FORMAT = "dwarf-with-dsym";
				ENABLE_NS_ASSERTIONS = NO;
				ENABLE_STRICT_OBJC_MSGSEND = YES;
				GCC_C_LANGUAGE_STANDARD = gnu11;
				GCC_NO_COMMON_BLOCKS = YES;
				GCC_WARN_64_TO_32_BIT_CONVERSION = YES;
				GCC_WARN_ABOUT_RETURN_TYPE = YES_ERROR;
				GCC_WARN_UNDECLARED_SELECTOR = YES;
				GCC_WARN_UNINITIALIZED_AUTOS = YES_AGGRESSIVE;
				GCC_WARN_UNUSED_FUNCTION = YES;
				GCC_WARN_UNUSED_VARIABLE = YES;
				IPHONEOS_DEPLOYMENT_TARGET = 16.2;
				MTL_ENABLE_DEBUG_INFO = NO;
				MTL_FAST_MATH = YES;
				SDKROOT = iphoneos;
				SWIFT_COMPILATION_MODE = wholemodule;
				SWIFT_OPTIMIZATION_LEVEL = "-O";
				VALIDATE_PRODUCT = YES;
			};
			name = Release;
		};
		188E559C2F85692600F5F5D2 /* Debug */ = {
			isa = XCBuildConfiguration;
			buildSettings = {
				ASSETCATALOG_COMPILER_APPICON_NAME = AppIcon;
				ASSETCATALOG_COMPILER_GLOBAL_ACCENT_COLOR_NAME = AccentColor;
				CODE_SIGN_STYLE = Automatic;
				CURRENT_PROJECT_VERSION = 1;
				DEVELOPMENT_ASSET_PATHS = "\"final/Preview Content\"";
				ENABLE_PREVIEWS = YES;
				GENERATE_INFOPLIST_FILE = YES;
				INFOPLIST_KEY_UIApplicationSceneManifest_Generation = YES;
				INFOPLIST_KEY_UIApplicationSupportsIndirectInputEvents = YES;
				INFOPLIST_KEY_UILaunchScreen_Generation = YES;
				INFOPLIST_KEY_UISupportedInterfaceOrientations_iPad = "UIInterfaceOrientationPortrait UIInterfaceOrientationPortraitUpsideDown UIInterfaceOrientationLandscapeLeft UIInterfaceOrientationLandscapeRight";
				INFOPLIST_KEY_UISupportedInterfaceOrientations_iPhone = "UIInterfaceOrientationPortrait UIInterfaceOrientationLandscapeLeft UIInterfaceOrientationLandscapeRight";
				LD_RUNPATH_SEARCH_PATHS = (
					"$(inherited)",
					"@executable_path/Frameworks",
				);
				MARKETING_VERSION = 1.0;
				PRODUCT_BUNDLE_IDENTIFIER = ca.gbc.comp3097.final;
				PRODUCT_NAME = "$(TARGET_NAME)";
				SWIFT_EMIT_LOC_STRINGS = YES;
				SWIFT_VERSION = 5.0;
				TARGETED_DEVICE_FAMILY = "1,2";
			};
			name = Debug;
		};
		188E559D2F85692600F5F5D2 /* Release */ = {
			isa = XCBuildConfiguration;
			buildSettings = {
				ASSETCATALOG_COMPILER_APPICON_NAME = AppIcon;
				ASSETCATALOG_COMPILER_GLOBAL_ACCENT_COLOR_NAME = AccentColor;
				CODE_SIGN_STYLE = Automatic;
				CURRENT_PROJECT_VERSION = 1;
				DEVELOPMENT_ASSET_PATHS = "\"final/Preview Content\"";
				ENABLE_PREVIEWS = YES;
				GENERATE_INFOPLIST_FILE = YES;
				INFOPLIST_KEY_UIApplicationSceneManifest_Generation = YES;
				INFOPLIST_KEY_UIApplicationSupportsIndirectInputEvents = YES;
				INFOPLIST_KEY_UILaunchScreen_Generation = YES;
				INFOPLIST_KEY_UISupportedInterfaceOrientations_iPad = "UIInterfaceOrientationPortrait UIInterfaceOrientationPortraitUpsideDown UIInterfaceOrientationLandscapeLeft UIInterfaceOrientationLandscapeRight";
				INFOPLIST_KEY_UISupportedInterfaceOrientations_iPhone = "UIInterfaceOrientationPortrait UIInterfaceOrientationLandscapeLeft UIInterfaceOrientationLandscapeRight";
				LD_RUNPATH_SEARCH_PATHS = (
					"$(inherited)",
					"@executable_path/Frameworks",
				);
				MARKETING_VERSION = 1.0;
				PRODUCT_BUNDLE_IDENTIFIER = ca.gbc.comp3097.final;
				PRODUCT_NAME = "$(TARGET_NAME)";
				SWIFT_EMIT_LOC_STRINGS = YES;
				SWIFT_VERSION = 5.0;
				TARGETED_DEVICE_FAMILY = "1,2";
			};
			name = Release;
		};
		188E559F2F85692600F5F5D2 /* Debug */ = {
			isa = XCBuildConfiguration;
			buildSettings = {
				ALWAYS_EMBED_SWIFT_STANDARD_LIBRARIES = YES;
				BUNDLE_LOADER = "$(TEST_HOST)";
				CODE_SIGN_STYLE = Automatic;
				CURRENT_PROJECT_VERSION = 1;
				GENERATE_INFOPLIST_FILE = YES;
				IPHONEOS_DEPLOYMENT_TARGET = 16.2;
				MARKETING_VERSION = 1.0;
				PRODUCT_BUNDLE_IDENTIFIER = ca.gbc.comp3097.finalTests;
				PRODUCT_NAME = "$(TARGET_NAME)";
				SWIFT_EMIT_LOC_STRINGS = NO;
				SWIFT_VERSION = 5.0;
				TARGETED_DEVICE_FAMILY = "1,2";
				TEST_HOST = "$(BUILT_PRODUCTS_DIR)/final.app/$(BUNDLE_EXECUTABLE_FOLDER_PATH)/final";
			};
			name = Debug;
		};
		188E55A02F85692600F5F5D2 /* Release */ = {
			isa = XCBuildConfiguration;
			buildSettings = {
				ALWAYS_EMBED_SWIFT_STANDARD_LIBRARIES = YES;
				BUNDLE_LOADER = "$(TEST_HOST)";
				CODE_SIGN_STYLE = Automatic;
				CURRENT_PROJECT_VERSION = 1;
				GENERATE_INFOPLIST_FILE = YES;
				IPHONEOS_DEPLOYMENT_TARGET = 16.2;
				MARKETING_VERSION = 1.0;
				PRODUCT_BUNDLE_IDENTIFIER = ca.gbc.comp3097.finalTests;
				PRODUCT_NAME = "$(TARGET_NAME)";
				SWIFT_EMIT_LOC_STRINGS = NO;
				SWIFT_VERSION = 5.0;
				TARGETED_DEVICE_FAMILY = "1,2";
				TEST_HOST = "$(BUILT_PRODUCTS_DIR)/final.app/$(BUNDLE_EXECUTABLE_FOLDER_PATH)/final";
			};
			name = Release;
		};
		188E55A22F85692600F5F5D2 /* Debug */ = {
			isa = XCBuildConfiguration;
			buildSettings = {
				ALWAYS_EMBED_SWIFT_STANDARD_LIBRARIES = YES;
				CODE_SIGN_STYLE = Automatic;
				CURRENT_PROJECT_VERSION = 1;
				GENERATE_INFOPLIST_FILE = YES;
				MARKETING_VERSION = 1.0;
				PRODUCT_BUNDLE_IDENTIFIER = ca.gbc.comp3097.finalUITests;
				PRODUCT_NAME = "$(TARGET_NAME)";
				SWIFT_EMIT_LOC_STRINGS = NO;
				SWIFT_VERSION = 5.0;
				TARGETED_DEVICE_FAMILY = "1,2";
				TEST_TARGET_NAME = final;
			};
			name = Debug;
		};
		188E55A32F85692600F5F5D2 /* Release */ = {
			isa = XCBuildConfiguration;
			buildSettings = {
				ALWAYS_EMBED_SWIFT_STANDARD_LIBRARIES = YES;
				CODE_SIGN_STYLE = Automatic;
				CURRENT_PROJECT_VERSION = 1;
				GENERATE_INFOPLIST_FILE = YES;
				MARKETING_VERSION = 1.0;
				PRODUCT_BUNDLE_IDENTIFIER = ca.gbc.comp3097.finalUITests;
				PRODUCT_NAME = "$(TARGET_NAME)";
				SWIFT_EMIT_LOC_STRINGS = NO;
				SWIFT_VERSION = 5.0;
				TARGETED_DEVICE_FAMILY = "1,2";
				TEST_TARGET_NAME = final;
			};
			name = Release;
		};
/* End XCBuildConfiguration section */

/* Begin XCConfigurationList section */
		188E556D2F85692400F5F5D2 /* Build configuration list for PBXProject "final" */ = {
			isa = XCConfigurationList;
			buildConfigurations = (
				188E55992F85692600F5F5D2 /* Debug */,
				188E559A2F85692600F5F5D2 /* Release */,
			);
			defaultConfigurationIsVisible = 0;
			defaultConfigurationName = Release;
		};
		188E559B2F85692600F5F5D2 /* Build configuration list for PBXNativeTarget "final" */ = {
			isa = XCConfigurationList;
			buildConfigurations = (
				188E559C2F85692600F5F5D2 /* Debug */,
				188E559D2F85692600F5F5D2 /* Release */,
			);
			defaultConfigurationIsVisible = 0;
			defaultConfigurationName = Release;
		};
		188E559E2F85692600F5F5D2 /* Build configuration list for PBXNativeTarget "finalTests" */ = {
			isa = XCConfigurationList;
			buildConfigurations = (
				188E559F2F85692600F5F5D2 /* Debug */,
				188E55A02F85692600F5F5D2 /* Release */,
			);
			defaultConfigurationIsVisible = 0;
			defaultConfigurationName = Release;
		};
		188E55A12F85692600F5F5D2 /* Build configuration list for PBXNativeTarget "finalUITests" */ = {
			isa = XCConfigurationList;
			buildConfigurations = (
				188E55A22F85692600F5F5D2 /* Debug */,
				188E55A32F85692600F5F5D2 /* Release */,
			);
			defaultConfigurationIsVisible = 0;
			defaultConfigurationName = Release;
		};
/* End XCConfigurationList section */

/* Begin XCVersionGroup section */
		188E55802F85692600F5F5D2 /* final.xcdatamodeld */ = {
			isa = XCVersionGroup;
			children = (
				188E55812F85692600F5F5D2 /* final.xcdatamodel */,
			);
			currentVersion = 188E55812F85692600F5F5D2 /* final.xcdatamodel */;
			path = final.xcdatamodeld;
			sourceTree = "<group>";
			versionGroupType = wrapper.xcdatamodel;
		};
/* End XCVersionGroup section */
	};
	rootObject = 188E556A2F85692400F5F5D2 /* Project object */;
}
